
Microsoft Visual Studio Solution File, Format Version 12.00
# Visual Studio Version 16
VisualStudioVersion = 16.0.31321.278
MinimumVisualStudioVersion = 10.0.40219.1
Project("{8BC9CEB8-8B4A-11D0-8D11-00A0C91BC942}") = "RE8FOV", "RE8FOV\RE8FOV.vcxproj", "{BF263859-D368-4296-AB5C-9D31B558E136}"
EndProject
Global
	GlobalSection(SolutionConfigurationPlatforms) = preSolution
		Debug|x64 = Debug|x64
		Release|x64 = Release|x64
	EndGlobalSection
	GlobalSection(ProjectConfigurationPlatforms) = postSolution
		{BF263859-D368-4296-AB5C-9D31B558E136}.Debug|x64.ActiveCfg = Debug|x64
		{BF263859-D368-4296-AB5C-9D31B558E136}.Debug|x64.Build.0 = Debug|x64
		{BF263859-D368-4296-AB5C-9D31B558E136}.Release|x64.ActiveCfg = Release|x64
		{BF263859-D368-4296-AB5C-9D31B558E136}.Release|x64.Build.0 = Release|x64
	EndGlobalSection
	GlobalSection(SolutionProperties) = preSolution
		HideSolutionNode = FALSE
	EndGlobalSection
	GlobalSection(ExtensibilityGlobals) = postSolution
		SolutionGuid = {CC66D6F2-2E05-48F6-A742-E168450C8644}
	EndGlobalSection
EndGlobal
